{
  "version": 4,
  "terraform_version": "0.14.6",
  "serial": 86,
  "lineage": "d641956a-3433-2922-3930-4ba32a1a90ae",
  "outputs": {},
  "resources": [
    {
      "mode": "data",
      "type": "azurerm_image",
      "name": "packer-image",
      "provider": "provider[\"registry.terraform.io/hashicorp/azurerm\"]",
      "instances": [
        {
          "schema_version": 0,
          "attributes": {
            "data_disk": [],
            "id": "/subscriptions/e602deb0-5931-4735-b543-8659027d624b/resourceGroups/udacity-project-1-rg/providers/Microsoft.Compute/images/project1_image",
            "location": "eastus",
            "name": "project1_image",
            "name_regex": null,
            "os_disk": [
              {
                "blob_uri": "",
                "caching": "ReadWrite",
                "managed_disk_id": "/subscriptions/e602deb0-5931-4735-b543-8659027d624b/resourceGroups/pkr-Resource-Group-qamfef8anj/providers/Microsoft.Compute/disks/pkrosqamfef8anj",
                "os_state": "Generalized",
                "os_type": "Linux",
                "size_gb": 30
              }
            ],
            "resource_group_name": "udacity-project-1-rg",
            "sort_descending": false,
            "tags": {
              "environment": "dev",
              "owner": "Alfredo del Río",
              "project": "udacity"
            },
            "timeouts": null,
            "zone_resilient": false
          },
          "sensitive_attributes": []
        }
      ]
    },
    {
      "mode": "data",
      "type": "azurerm_resource_group",
      "name": "main",
      "provider": "provider[\"registry.terraform.io/hashicorp/azurerm\"]",
      "instances": [
        {
          "schema_version": 0,
          "attributes": {
            "id": "/subscriptions/e602deb0-5931-4735-b543-8659027d624b/resourceGroups/udacity-project-1-rg",
            "location": "eastus",
            "name": "udacity-project-1-rg",
            "tags": {
              "environment": "dev",
              "own": "adelriob",
              "project": "project_1"
            },
            "timeouts": null
          },
          "sensitive_attributes": []
        }
      ]
    },
    {
      "mode": "managed",
      "type": "azurerm_availability_set",
      "name": "main",
      "provider": "provider[\"registry.terraform.io/hashicorp/azurerm\"]",
      "instances": [
        {
          "schema_version": 0,
          "attributes": {
            "id": "/subscriptions/e602deb0-5931-4735-b543-8659027d624b/resourceGroups/udacity-project-1-rg/providers/Microsoft.Compute/availabilitySets/udacity-project-1-av_set",
            "location": "eastus",
            "managed": true,
            "name": "udacity-project-1-av_set",
            "platform_fault_domain_count": 2,
            "platform_update_domain_count": 5,
            "proximity_placement_group_id": null,
            "resource_group_name": "udacity-project-1-rg",
            "tags": {
              "environment": "env",
              "owner": "adelriob",
              "project": "project_1"
            },
            "timeouts": null
          },
          "sensitive_attributes": [],
          "private": "eyJlMmJmYjczMC1lY2FhLTExZTYtOGY4OC0zNDM2M2JjN2M0YzAiOnsiY3JlYXRlIjoxODAwMDAwMDAwMDAwLCJkZWxldGUiOjE4MDAwMDAwMDAwMDAsInJlYWQiOjMwMDAwMDAwMDAwMCwidXBkYXRlIjoxODAwMDAwMDAwMDAwfX0=",
          "dependencies": [
            "data.azurerm_resource_group.main"
          ]
        }
      ]
    },
    {
      "mode": "managed",
      "type": "azurerm_lb",
      "name": "main",
      "provider": "provider[\"registry.terraform.io/hashicorp/azurerm\"]",
      "instances": [
        {
          "schema_version": 0,
          "attributes": {
            "frontend_ip_configuration": [
              {
                "id": "/subscriptions/e602deb0-5931-4735-b543-8659027d624b/resourceGroups/udacity-project-1-rg/providers/Microsoft.Network/loadBalancers/udacity-project-1-lb/frontendIPConfigurations/udacity-project-1-lb_frontend",
                "inbound_nat_rules": [],
                "load_balancer_rules": [],
                "name": "udacity-project-1-lb_frontend",
                "outbound_rules": [],
                "private_ip_address": "",
                "private_ip_address_allocation": "Dynamic",
                "private_ip_address_version": "IPv4",
                "public_ip_address_id": "/subscriptions/e602deb0-5931-4735-b543-8659027d624b/resourceGroups/udacity-project-1-rg/providers/Microsoft.Network/publicIPAddresses/udacity-project-1-pip",
                "public_ip_prefix_id": "",
                "subnet_id": "",
                "zones": null
              }
            ],
            "id": "/subscriptions/e602deb0-5931-4735-b543-8659027d624b/resourceGroups/udacity-project-1-rg/providers/Microsoft.Network/loadBalancers/udacity-project-1-lb",
            "location": "eastus",
            "name": "udacity-project-1-lb",
            "private_ip_address": "",
            "private_ip_addresses": [],
            "resource_group_name": "udacity-project-1-rg",
            "sku": "Standard",
            "tags": {
              "environment": "env",
              "owner": "adelriob",
              "project": "project_1"
            },
            "timeouts": null
          },
          "sensitive_attributes": [],
          "private": "eyJlMmJmYjczMC1lY2FhLTExZTYtOGY4OC0zNDM2M2JjN2M0YzAiOnsiY3JlYXRlIjoxODAwMDAwMDAwMDAwLCJkZWxldGUiOjE4MDAwMDAwMDAwMDAsInJlYWQiOjMwMDAwMDAwMDAwMCwidXBkYXRlIjoxODAwMDAwMDAwMDAwfX0=",
          "dependencies": [
            "azurerm_public_ip.main",
            "data.azurerm_resource_group.main"
          ]
        }
      ]
    },
    {
      "mode": "managed",
      "type": "azurerm_lb_backend_address_pool",
      "name": "main",
      "provider": "provider[\"registry.terraform.io/hashicorp/azurerm\"]",
      "instances": [
        {
          "schema_version": 0,
          "attributes": {
            "backend_address": [],
            "backend_ip_configurations": [],
            "id": "/subscriptions/e602deb0-5931-4735-b543-8659027d624b/resourceGroups/udacity-project-1-rg/providers/Microsoft.Network/loadBalancers/udacity-project-1-lb/backendAddressPools/udacity-project-1-backend_add_pool",
            "load_balancing_rules": [],
            "loadbalancer_id": "/subscriptions/e602deb0-5931-4735-b543-8659027d624b/resourceGroups/udacity-project-1-rg/providers/Microsoft.Network/loadBalancers/udacity-project-1-lb",
            "name": "udacity-project-1-backend_add_pool",
            "outbound_rules": [],
            "resource_group_name": "udacity-project-1-rg",
            "timeouts": null
          },
          "sensitive_attributes": [],
          "private": "eyJlMmJmYjczMC1lY2FhLTExZTYtOGY4OC0zNDM2M2JjN2M0YzAiOnsiY3JlYXRlIjoxODAwMDAwMDAwMDAwLCJkZWxldGUiOjE4MDAwMDAwMDAwMDAsInJlYWQiOjMwMDAwMDAwMDAwMCwidXBkYXRlIjoxODAwMDAwMDAwMDAwfX0=",
          "dependencies": [
            "azurerm_lb.main",
            "azurerm_public_ip.main",
            "data.azurerm_resource_group.main"
          ]
        }
      ]
    },
    {
      "mode": "managed",
      "type": "azurerm_lb_probe",
      "name": "main",
      "provider": "provider[\"registry.terraform.io/hashicorp/azurerm\"]",
      "instances": [
        {
          "schema_version": 0,
          "attributes": {
            "id": "/subscriptions/e602deb0-5931-4735-b543-8659027d624b/resourceGroups/udacity-project-1-rg/providers/Microsoft.Network/loadBalancers/udacity-project-1-lb/probes/udacity-project-1-lb_health",
            "interval_in_seconds": 15,
            "load_balancer_rules": [],
            "loadbalancer_id": "/subscriptions/e602deb0-5931-4735-b543-8659027d624b/resourceGroups/udacity-project-1-rg/providers/Microsoft.Network/loadBalancers/udacity-project-1-lb",
            "name": "udacity-project-1-lb_health",
            "number_of_probes": 2,
            "port": 80,
            "protocol": "Tcp",
            "request_path": "",
            "resource_group_name": "udacity-project-1-rg",
            "timeouts": null
          },
          "sensitive_attributes": [],
          "private": "eyJlMmJmYjczMC1lY2FhLTExZTYtOGY4OC0zNDM2M2JjN2M0YzAiOnsiY3JlYXRlIjoxODAwMDAwMDAwMDAwLCJkZWxldGUiOjE4MDAwMDAwMDAwMDAsInJlYWQiOjMwMDAwMDAwMDAwMCwidXBkYXRlIjoxODAwMDAwMDAwMDAwfX0=",
          "dependencies": [
            "azurerm_lb.main",
            "azurerm_public_ip.main",
            "data.azurerm_resource_group.main"
          ]
        }
      ]
    },
    {
      "mode": "managed",
      "type": "azurerm_lb_rule",
      "name": "main",
      "provider": "provider[\"registry.terraform.io/hashicorp/azurerm\"]",
      "instances": [
        {
          "schema_version": 0,
          "attributes": {
            "backend_address_pool_id": "/subscriptions/e602deb0-5931-4735-b543-8659027d624b/resourceGroups/udacity-project-1-rg/providers/Microsoft.Network/loadBalancers/udacity-project-1-lb/backendAddressPools/udacity-project-1-backend_add_pool",
            "backend_port": 80,
            "disable_outbound_snat": false,
            "enable_floating_ip": false,
            "enable_tcp_reset": false,
            "frontend_ip_configuration_id": "/subscriptions/e602deb0-5931-4735-b543-8659027d624b/resourceGroups/udacity-project-1-rg/providers/Microsoft.Network/loadBalancers/udacity-project-1-lb/frontendIPConfigurations/udacity-project-1-lb_frontend",
            "frontend_ip_configuration_name": "udacity-project-1-lb_frontend",
            "frontend_port": 80,
            "id": "/subscriptions/e602deb0-5931-4735-b543-8659027d624b/resourceGroups/udacity-project-1-rg/providers/Microsoft.Network/loadBalancers/udacity-project-1-lb/loadBalancingRules/udacity-project-1-lb_rule",
            "idle_timeout_in_minutes": 4,
            "load_distribution": "Default",
            "loadbalancer_id": "/subscriptions/e602deb0-5931-4735-b543-8659027d624b/resourceGroups/udacity-project-1-rg/providers/Microsoft.Network/loadBalancers/udacity-project-1-lb",
            "name": "udacity-project-1-lb_rule",
            "probe_id": "/subscriptions/e602deb0-5931-4735-b543-8659027d624b/resourceGroups/udacity-project-1-rg/providers/Microsoft.Network/loadBalancers/udacity-project-1-lb/probes/udacity-project-1-lb_health",
            "protocol": "Tcp",
            "resource_group_name": "udacity-project-1-rg",
            "timeouts": null
          },
          "sensitive_attributes": [],
          "private": "eyJlMmJmYjczMC1lY2FhLTExZTYtOGY4OC0zNDM2M2JjN2M0YzAiOnsiY3JlYXRlIjoxODAwMDAwMDAwMDAwLCJkZWxldGUiOjE4MDAwMDAwMDAwMDAsInJlYWQiOjMwMDAwMDAwMDAwMCwidXBkYXRlIjoxODAwMDAwMDAwMDAwfX0=",
          "dependencies": [
            "azurerm_lb.main",
            "azurerm_lb_backend_address_pool.main",
            "azurerm_lb_probe.main",
            "azurerm_public_ip.main",
            "data.azurerm_resource_group.main"
          ]
        }
      ]
    },
    {
      "mode": "managed",
      "type": "azurerm_linux_virtual_machine",
      "name": "main",
      "provider": "provider[\"registry.terraform.io/hashicorp/azurerm\"]",
      "instances": [
        {
          "index_key": 0,
          "schema_version": 0,
          "attributes": {
            "additional_capabilities": [],
            "admin_password": "PasswordAdmin7414.-",
            "admin_ssh_key": [],
            "admin_username": "adminudacity",
            "allow_extension_operations": true,
            "availability_set_id": "/subscriptions/e602deb0-5931-4735-b543-8659027d624b/resourceGroups/udacity-project-1-rg/providers/Microsoft.Compute/availabilitySets/UDACITY-PROJECT-1-AV_SET",
            "boot_diagnostics": [],
            "computer_name": "udacity-project-1-vm-0",
            "custom_data": null,
            "dedicated_host_id": "",
            "disable_password_authentication": false,
            "encryption_at_host_enabled": false,
            "eviction_policy": "",
            "extensions_time_budget": "PT1H30M",
            "id": "/subscriptions/e602deb0-5931-4735-b543-8659027d624b/resourceGroups/udacity-project-1-rg/providers/Microsoft.Compute/virtualMachines/udacity-project-1-vm-0",
            "identity": [],
            "location": "eastus",
            "max_bid_price": -1,
            "name": "udacity-project-1-vm-0",
            "network_interface_ids": [
              "/subscriptions/e602deb0-5931-4735-b543-8659027d624b/resourceGroups/udacity-project-1-rg/providers/Microsoft.Network/networkInterfaces/udacity-project-1-nic-0"
            ],
            "os_disk": [
              {
                "caching": "ReadWrite",
                "diff_disk_settings": [],
                "disk_encryption_set_id": "",
                "disk_size_gb": 30,
                "name": "udacity-project-1-vm-0_disk1_7bcade636c5f45e9b8623650d4d641ae",
                "storage_account_type": "Standard_LRS",
                "write_accelerator_enabled": false
              }
            ],
            "plan": [],
            "priority": "Regular",
            "private_ip_address": "10.4.0.6",
            "private_ip_addresses": [
              "10.4.0.6"
            ],
            "provision_vm_agent": true,
            "proximity_placement_group_id": "",
            "public_ip_address": "",
            "public_ip_addresses": [],
            "resource_group_name": "udacity-project-1-rg",
            "secret": [],
            "size": "Standard_B1ls",
            "source_image_id": "/subscriptions/e602deb0-5931-4735-b543-8659027d624b/resourceGroups/udacity-project-1-rg/providers/Microsoft.Compute/images/project1_image",
            "source_image_reference": [],
            "tags": {
              "environment": "env",
              "owner": "adelriob",
              "project": "project_1"
            },
            "timeouts": null,
            "virtual_machine_id": "e9a2fa0d-93e9-44aa-8a8b-9f85a45f4676",
            "virtual_machine_scale_set_id": "",
            "zone": ""
          },
          "sensitive_attributes": [],
          "private": "eyJlMmJmYjczMC1lY2FhLTExZTYtOGY4OC0zNDM2M2JjN2M0YzAiOnsiY3JlYXRlIjoyNzAwMDAwMDAwMDAwLCJkZWxldGUiOjI3MDAwMDAwMDAwMDAsInJlYWQiOjMwMDAwMDAwMDAwMCwidXBkYXRlIjoyNzAwMDAwMDAwMDAwfX0=",
          "dependencies": [
            "azurerm_availability_set.main",
            "azurerm_network_interface.main",
            "azurerm_subnet.main",
            "azurerm_virtual_network.main",
            "data.azurerm_image.packer-image",
            "data.azurerm_resource_group.main"
          ]
        },
        {
          "index_key": 1,
          "schema_version": 0,
          "attributes": {
            "additional_capabilities": [],
            "admin_password": "PasswordAdmin7414.-",
            "admin_ssh_key": [],
            "admin_username": "adminudacity",
            "allow_extension_operations": true,
            "availability_set_id": "/subscriptions/e602deb0-5931-4735-b543-8659027d624b/resourceGroups/udacity-project-1-rg/providers/Microsoft.Compute/availabilitySets/UDACITY-PROJECT-1-AV_SET",
            "boot_diagnostics": [],
            "computer_name": "udacity-project-1-vm-1",
            "custom_data": null,
            "dedicated_host_id": "",
            "disable_password_authentication": false,
            "encryption_at_host_enabled": false,
            "eviction_policy": "",
            "extensions_time_budget": "PT1H30M",
            "id": "/subscriptions/e602deb0-5931-4735-b543-8659027d624b/resourceGroups/udacity-project-1-rg/providers/Microsoft.Compute/virtualMachines/udacity-project-1-vm-1",
            "identity": [],
            "location": "eastus",
            "max_bid_price": -1,
            "name": "udacity-project-1-vm-1",
            "network_interface_ids": [
              "/subscriptions/e602deb0-5931-4735-b543-8659027d624b/resourceGroups/udacity-project-1-rg/providers/Microsoft.Network/networkInterfaces/udacity-project-1-nic-1"
            ],
            "os_disk": [
              {
                "caching": "ReadWrite",
                "diff_disk_settings": [],
                "disk_encryption_set_id": "",
                "disk_size_gb": 30,
                "name": "udacity-project-1-vm-1_disk1_1c616256f6f34e5595122d1ebfd81c1d",
                "storage_account_type": "Standard_LRS",
                "write_accelerator_enabled": false
              }
            ],
            "plan": [],
            "priority": "Regular",
            "private_ip_address": "10.4.0.4",
            "private_ip_addresses": [
              "10.4.0.4"
            ],
            "provision_vm_agent": true,
            "proximity_placement_group_id": "",
            "public_ip_address": "",
            "public_ip_addresses": [],
            "resource_group_name": "udacity-project-1-rg",
            "secret": [],
            "size": "Standard_B1ls",
            "source_image_id": "/subscriptions/e602deb0-5931-4735-b543-8659027d624b/resourceGroups/udacity-project-1-rg/providers/Microsoft.Compute/images/project1_image",
            "source_image_reference": [],
            "tags": {
              "environment": "env",
              "owner": "adelriob",
              "project": "project_1"
            },
            "timeouts": null,
            "virtual_machine_id": "33e1523d-df0c-47eb-a75d-ad1d84884473",
            "virtual_machine_scale_set_id": "",
            "zone": ""
          },
          "sensitive_attributes": [],
          "private": "eyJlMmJmYjczMC1lY2FhLTExZTYtOGY4OC0zNDM2M2JjN2M0YzAiOnsiY3JlYXRlIjoyNzAwMDAwMDAwMDAwLCJkZWxldGUiOjI3MDAwMDAwMDAwMDAsInJlYWQiOjMwMDAwMDAwMDAwMCwidXBkYXRlIjoyNzAwMDAwMDAwMDAwfX0=",
          "dependencies": [
            "azurerm_availability_set.main",
            "azurerm_network_interface.main",
            "azurerm_subnet.main",
            "azurerm_virtual_network.main",
            "data.azurerm_image.packer-image",
            "data.azurerm_resource_group.main"
          ]
        },
        {
          "index_key": 2,
          "schema_version": 0,
          "attributes": {
            "additional_capabilities": [],
            "admin_password": "PasswordAdmin7414.-",
            "admin_ssh_key": [],
            "admin_username": "adminudacity",
            "allow_extension_operations": true,
            "availability_set_id": "/subscriptions/e602deb0-5931-4735-b543-8659027d624b/resourceGroups/udacity-project-1-rg/providers/Microsoft.Compute/availabilitySets/UDACITY-PROJECT-1-AV_SET",
            "boot_diagnostics": [],
            "computer_name": "udacity-project-1-vm-2",
            "custom_data": null,
            "dedicated_host_id": "",
            "disable_password_authentication": false,
            "encryption_at_host_enabled": false,
            "eviction_policy": "",
            "extensions_time_budget": "PT1H30M",
            "id": "/subscriptions/e602deb0-5931-4735-b543-8659027d624b/resourceGroups/udacity-project-1-rg/providers/Microsoft.Compute/virtualMachines/udacity-project-1-vm-2",
            "identity": [],
            "location": "eastus",
            "max_bid_price": -1,
            "name": "udacity-project-1-vm-2",
            "network_interface_ids": [
              "/subscriptions/e602deb0-5931-4735-b543-8659027d624b/resourceGroups/udacity-project-1-rg/providers/Microsoft.Network/networkInterfaces/udacity-project-1-nic-2"
            ],
            "os_disk": [
              {
                "caching": "ReadWrite",
                "diff_disk_settings": [],
                "disk_encryption_set_id": "",
                "disk_size_gb": 30,
                "name": "udacity-project-1-vm-2_disk1_f1dd6c1ba8b847389c8d8a07a45ff6e8",
                "storage_account_type": "Standard_LRS",
                "write_accelerator_enabled": false
              }
            ],
            "plan": [],
            "priority": "Regular",
            "private_ip_address": "10.4.0.5",
            "private_ip_addresses": [
              "10.4.0.5"
            ],
            "provision_vm_agent": true,
            "proximity_placement_group_id": "",
            "public_ip_address": "",
            "public_ip_addresses": [],
            "resource_group_name": "udacity-project-1-rg",
            "secret": [],
            "size": "Standard_B1ls",
            "source_image_id": "/subscriptions/e602deb0-5931-4735-b543-8659027d624b/resourceGroups/udacity-project-1-rg/providers/Microsoft.Compute/images/project1_image",
            "source_image_reference": [],
            "tags": {
              "environment": "env",
              "owner": "adelriob",
              "project": "project_1"
            },
            "timeouts": null,
            "virtual_machine_id": "d2c86ade-8577-4606-949e-ff2e03a896a3",
            "virtual_machine_scale_set_id": "",
            "zone": ""
          },
          "sensitive_attributes": [],
          "private": "eyJlMmJmYjczMC1lY2FhLTExZTYtOGY4OC0zNDM2M2JjN2M0YzAiOnsiY3JlYXRlIjoyNzAwMDAwMDAwMDAwLCJkZWxldGUiOjI3MDAwMDAwMDAwMDAsInJlYWQiOjMwMDAwMDAwMDAwMCwidXBkYXRlIjoyNzAwMDAwMDAwMDAwfX0=",
          "dependencies": [
            "azurerm_availability_set.main",
            "azurerm_network_interface.main",
            "azurerm_subnet.main",
            "azurerm_virtual_network.main",
            "data.azurerm_image.packer-image",
            "data.azurerm_resource_group.main"
          ]
        }
      ]
    },
    {
      "mode": "managed",
      "type": "azurerm_managed_disk",
      "name": "main",
      "provider": "provider[\"registry.terraform.io/hashicorp/azurerm\"]",
      "instances": [
        {
          "index_key": 0,
          "schema_version": 0,
          "attributes": {
            "create_option": "Empty",
            "disk_encryption_set_id": "",
            "disk_iops_read_write": 500,
            "disk_mbps_read_write": 60,
            "disk_size_gb": 10,
            "encryption_settings": [],
            "id": "/subscriptions/e602deb0-5931-4735-b543-8659027d624b/resourceGroups/udacity-project-1-rg/providers/Microsoft.Compute/disks/udacity-project-1-data-disk-0",
            "image_reference_id": "",
            "location": "eastus",
            "name": "udacity-project-1-data-disk-0",
            "os_type": "",
            "resource_group_name": "udacity-project-1-rg",
            "source_resource_id": "",
            "source_uri": "",
            "storage_account_id": "",
            "storage_account_type": "Standard_LRS",
            "tags": {
              "environment": "env",
              "owner": "adelriob",
              "project": "project_1"
            },
            "timeouts": null,
            "zones": null
          },
          "sensitive_attributes": [],
          "private": "eyJlMmJmYjczMC1lY2FhLTExZTYtOGY4OC0zNDM2M2JjN2M0YzAiOnsiY3JlYXRlIjoxODAwMDAwMDAwMDAwLCJkZWxldGUiOjE4MDAwMDAwMDAwMDAsInJlYWQiOjMwMDAwMDAwMDAwMCwidXBkYXRlIjoxODAwMDAwMDAwMDAwfX0=",
          "dependencies": [
            "data.azurerm_resource_group.main"
          ]
        },
        {
          "index_key": 1,
          "schema_version": 0,
          "attributes": {
            "create_option": "Empty",
            "disk_encryption_set_id": "",
            "disk_iops_read_write": 500,
            "disk_mbps_read_write": 60,
            "disk_size_gb": 10,
            "encryption_settings": [],
            "id": "/subscriptions/e602deb0-5931-4735-b543-8659027d624b/resourceGroups/udacity-project-1-rg/providers/Microsoft.Compute/disks/udacity-project-1-data-disk-1",
            "image_reference_id": "",
            "location": "eastus",
            "name": "udacity-project-1-data-disk-1",
            "os_type": "",
            "resource_group_name": "udacity-project-1-rg",
            "source_resource_id": "",
            "source_uri": "",
            "storage_account_id": "",
            "storage_account_type": "Standard_LRS",
            "tags": {
              "environment": "env",
              "owner": "adelriob",
              "project": "project_1"
            },
            "timeouts": null,
            "zones": null
          },
          "sensitive_attributes": [],
          "private": "eyJlMmJmYjczMC1lY2FhLTExZTYtOGY4OC0zNDM2M2JjN2M0YzAiOnsiY3JlYXRlIjoxODAwMDAwMDAwMDAwLCJkZWxldGUiOjE4MDAwMDAwMDAwMDAsInJlYWQiOjMwMDAwMDAwMDAwMCwidXBkYXRlIjoxODAwMDAwMDAwMDAwfX0=",
          "dependencies": [
            "data.azurerm_resource_group.main"
          ]
        },
        {
          "index_key": 2,
          "schema_version": 0,
          "attributes": {
            "create_option": "Empty",
            "disk_encryption_set_id": "",
            "disk_iops_read_write": 500,
            "disk_mbps_read_write": 60,
            "disk_size_gb": 10,
            "encryption_settings": [],
            "id": "/subscriptions/e602deb0-5931-4735-b543-8659027d624b/resourceGroups/udacity-project-1-rg/providers/Microsoft.Compute/disks/udacity-project-1-data-disk-2",
            "image_reference_id": "",
            "location": "eastus",
            "name": "udacity-project-1-data-disk-2",
            "os_type": "",
            "resource_group_name": "udacity-project-1-rg",
            "source_resource_id": "",
            "source_uri": "",
            "storage_account_id": "",
            "storage_account_type": "Standard_LRS",
            "tags": {
              "environment": "env",
              "owner": "adelriob",
              "project": "project_1"
            },
            "timeouts": null,
            "zones": null
          },
          "sensitive_attributes": [],
          "private": "eyJlMmJmYjczMC1lY2FhLTExZTYtOGY4OC0zNDM2M2JjN2M0YzAiOnsiY3JlYXRlIjoxODAwMDAwMDAwMDAwLCJkZWxldGUiOjE4MDAwMDAwMDAwMDAsInJlYWQiOjMwMDAwMDAwMDAwMCwidXBkYXRlIjoxODAwMDAwMDAwMDAwfX0=",
          "dependencies": [
            "data.azurerm_resource_group.main"
          ]
        }
      ]
    },
    {
      "mode": "managed",
      "type": "azurerm_network_interface",
      "name": "main",
      "provider": "provider[\"registry.terraform.io/hashicorp/azurerm\"]",
      "instances": [
        {
          "index_key": 0,
          "schema_version": 0,
          "attributes": {
            "applied_dns_servers": [],
            "dns_servers": [],
            "enable_accelerated_networking": false,
            "enable_ip_forwarding": false,
            "id": "/subscriptions/e602deb0-5931-4735-b543-8659027d624b/resourceGroups/udacity-project-1-rg/providers/Microsoft.Network/networkInterfaces/udacity-project-1-nic-0",
            "internal_dns_name_label": "",
            "internal_domain_name_suffix": "q2ftuibsguourpgx2m3wmvmswg.bx.internal.cloudapp.net",
            "ip_configuration": [
              {
                "name": "udacity-project-1-ipconfig",
                "primary": true,
                "private_ip_address": "10.4.0.6",
                "private_ip_address_allocation": "Dynamic",
                "private_ip_address_version": "IPv4",
                "public_ip_address_id": "",
                "subnet_id": "/subscriptions/e602deb0-5931-4735-b543-8659027d624b/resourceGroups/udacity-project-1-rg/providers/Microsoft.Network/virtualNetworks/udacity-project-1-vnet/subnets/udacity-project-1-subnet"
              }
            ],
            "location": "eastus",
            "mac_address": "",
            "name": "udacity-project-1-nic-0",
            "private_ip_address": "10.4.0.6",
            "private_ip_addresses": [
              "10.4.0.6"
            ],
            "resource_group_name": "udacity-project-1-rg",
            "tags": {
              "environment": "env",
              "owner": "adelriob",
              "project": "project_1"
            },
            "timeouts": null,
            "virtual_machine_id": ""
          },
          "sensitive_attributes": [],
          "private": "eyJlMmJmYjczMC1lY2FhLTExZTYtOGY4OC0zNDM2M2JjN2M0YzAiOnsiY3JlYXRlIjoxODAwMDAwMDAwMDAwLCJkZWxldGUiOjE4MDAwMDAwMDAwMDAsInJlYWQiOjMwMDAwMDAwMDAwMCwidXBkYXRlIjoxODAwMDAwMDAwMDAwfX0=",
          "dependencies": [
            "azurerm_subnet.main",
            "azurerm_virtual_network.main",
            "data.azurerm_resource_group.main"
          ]
        },
        {
          "index_key": 1,
          "schema_version": 0,
          "attributes": {
            "applied_dns_servers": [],
            "dns_servers": [],
            "enable_accelerated_networking": false,
            "enable_ip_forwarding": false,
            "id": "/subscriptions/e602deb0-5931-4735-b543-8659027d624b/resourceGroups/udacity-project-1-rg/providers/Microsoft.Network/networkInterfaces/udacity-project-1-nic-1",
            "internal_dns_name_label": "",
            "internal_domain_name_suffix": "q2ftuibsguourpgx2m3wmvmswg.bx.internal.cloudapp.net",
            "ip_configuration": [
              {
                "name": "udacity-project-1-ipconfig",
                "primary": true,
                "private_ip_address": "10.4.0.4",
                "private_ip_address_allocation": "Dynamic",
                "private_ip_address_version": "IPv4",
                "public_ip_address_id": "",
                "subnet_id": "/subscriptions/e602deb0-5931-4735-b543-8659027d624b/resourceGroups/udacity-project-1-rg/providers/Microsoft.Network/virtualNetworks/udacity-project-1-vnet/subnets/udacity-project-1-subnet"
              }
            ],
            "location": "eastus",
            "mac_address": "",
            "name": "udacity-project-1-nic-1",
            "private_ip_address": "10.4.0.4",
            "private_ip_addresses": [
              "10.4.0.4"
            ],
            "resource_group_name": "udacity-project-1-rg",
            "tags": {
              "environment": "env",
              "owner": "adelriob",
              "project": "project_1"
            },
            "timeouts": null,
            "virtual_machine_id": ""
          },
          "sensitive_attributes": [],
          "private": "eyJlMmJmYjczMC1lY2FhLTExZTYtOGY4OC0zNDM2M2JjN2M0YzAiOnsiY3JlYXRlIjoxODAwMDAwMDAwMDAwLCJkZWxldGUiOjE4MDAwMDAwMDAwMDAsInJlYWQiOjMwMDAwMDAwMDAwMCwidXBkYXRlIjoxODAwMDAwMDAwMDAwfX0=",
          "dependencies": [
            "azurerm_subnet.main",
            "azurerm_virtual_network.main",
            "data.azurerm_resource_group.main"
          ]
        },
        {
          "index_key": 2,
          "schema_version": 0,
          "attributes": {
            "applied_dns_servers": [],
            "dns_servers": [],
            "enable_accelerated_networking": false,
            "enable_ip_forwarding": false,
            "id": "/subscriptions/e602deb0-5931-4735-b543-8659027d624b/resourceGroups/udacity-project-1-rg/providers/Microsoft.Network/networkInterfaces/udacity-project-1-nic-2",
            "internal_dns_name_label": "",
            "internal_domain_name_suffix": "q2ftuibsguourpgx2m3wmvmswg.bx.internal.cloudapp.net",
            "ip_configuration": [
              {
                "name": "udacity-project-1-ipconfig",
                "primary": true,
                "private_ip_address": "10.4.0.5",
                "private_ip_address_allocation": "Dynamic",
                "private_ip_address_version": "IPv4",
                "public_ip_address_id": "",
                "subnet_id": "/subscriptions/e602deb0-5931-4735-b543-8659027d624b/resourceGroups/udacity-project-1-rg/providers/Microsoft.Network/virtualNetworks/udacity-project-1-vnet/subnets/udacity-project-1-subnet"
              }
            ],
            "location": "eastus",
            "mac_address": "",
            "name": "udacity-project-1-nic-2",
            "private_ip_address": "10.4.0.5",
            "private_ip_addresses": [
              "10.4.0.5"
            ],
            "resource_group_name": "udacity-project-1-rg",
            "tags": {
              "environment": "env",
              "owner": "adelriob",
              "project": "project_1"
            },
            "timeouts": null,
            "virtual_machine_id": ""
          },
          "sensitive_attributes": [],
          "private": "eyJlMmJmYjczMC1lY2FhLTExZTYtOGY4OC0zNDM2M2JjN2M0YzAiOnsiY3JlYXRlIjoxODAwMDAwMDAwMDAwLCJkZWxldGUiOjE4MDAwMDAwMDAwMDAsInJlYWQiOjMwMDAwMDAwMDAwMCwidXBkYXRlIjoxODAwMDAwMDAwMDAwfX0=",
          "dependencies": [
            "azurerm_subnet.main",
            "azurerm_virtual_network.main",
            "data.azurerm_resource_group.main"
          ]
        }
      ]
    },
    {
      "mode": "managed",
      "type": "azurerm_network_interface_backend_address_pool_association",
      "name": "main",
      "provider": "provider[\"registry.terraform.io/hashicorp/azurerm\"]",
      "instances": [
        {
          "index_key": 0,
          "schema_version": 0,
          "attributes": {
            "backend_address_pool_id": "/subscriptions/e602deb0-5931-4735-b543-8659027d624b/resourceGroups/udacity-project-1-rg/providers/Microsoft.Network/loadBalancers/udacity-project-1-lb/backendAddressPools/udacity-project-1-backend_add_pool",
            "id": "/subscriptions/e602deb0-5931-4735-b543-8659027d624b/resourceGroups/udacity-project-1-rg/providers/Microsoft.Network/networkInterfaces/udacity-project-1-nic-0/ipConfigurations/udacity-project-1-ipconfig|/subscriptions/e602deb0-5931-4735-b543-8659027d624b/resourceGroups/udacity-project-1-rg/providers/Microsoft.Network/loadBalancers/udacity-project-1-lb/backendAddressPools/udacity-project-1-backend_add_pool",
            "ip_configuration_name": "udacity-project-1-ipconfig",
            "network_interface_id": "/subscriptions/e602deb0-5931-4735-b543-8659027d624b/resourceGroups/udacity-project-1-rg/providers/Microsoft.Network/networkInterfaces/udacity-project-1-nic-0",
            "timeouts": null
          },
          "sensitive_attributes": [],
          "private": "eyJlMmJmYjczMC1lY2FhLTExZTYtOGY4OC0zNDM2M2JjN2M0YzAiOnsiY3JlYXRlIjoxODAwMDAwMDAwMDAwLCJkZWxldGUiOjE4MDAwMDAwMDAwMDAsInJlYWQiOjMwMDAwMDAwMDAwMCwidXBkYXRlIjoxODAwMDAwMDAwMDAwfX0=",
          "dependencies": [
            "azurerm_lb.main",
            "azurerm_lb_backend_address_pool.main",
            "azurerm_network_interface.main",
            "azurerm_public_ip.main",
            "azurerm_subnet.main",
            "azurerm_virtual_network.main",
            "data.azurerm_resource_group.main"
          ]
        },
        {
          "index_key": 1,
          "schema_version": 0,
          "attributes": {
            "backend_address_pool_id": "/subscriptions/e602deb0-5931-4735-b543-8659027d624b/resourceGroups/udacity-project-1-rg/providers/Microsoft.Network/loadBalancers/udacity-project-1-lb/backendAddressPools/udacity-project-1-backend_add_pool",
            "id": "/subscriptions/e602deb0-5931-4735-b543-8659027d624b/resourceGroups/udacity-project-1-rg/providers/Microsoft.Network/networkInterfaces/udacity-project-1-nic-1/ipConfigurations/udacity-project-1-ipconfig|/subscriptions/e602deb0-5931-4735-b543-8659027d624b/resourceGroups/udacity-project-1-rg/providers/Microsoft.Network/loadBalancers/udacity-project-1-lb/backendAddressPools/udacity-project-1-backend_add_pool",
            "ip_configuration_name": "udacity-project-1-ipconfig",
            "network_interface_id": "/subscriptions/e602deb0-5931-4735-b543-8659027d624b/resourceGroups/udacity-project-1-rg/providers/Microsoft.Network/networkInterfaces/udacity-project-1-nic-1",
            "timeouts": null
          },
          "sensitive_attributes": [],
          "private": "eyJlMmJmYjczMC1lY2FhLTExZTYtOGY4OC0zNDM2M2JjN2M0YzAiOnsiY3JlYXRlIjoxODAwMDAwMDAwMDAwLCJkZWxldGUiOjE4MDAwMDAwMDAwMDAsInJlYWQiOjMwMDAwMDAwMDAwMCwidXBkYXRlIjoxODAwMDAwMDAwMDAwfX0=",
          "dependencies": [
            "azurerm_lb.main",
            "azurerm_lb_backend_address_pool.main",
            "azurerm_network_interface.main",
            "azurerm_public_ip.main",
            "azurerm_subnet.main",
            "azurerm_virtual_network.main",
            "data.azurerm_resource_group.main"
          ]
        },
        {
          "index_key": 2,
          "schema_version": 0,
          "attributes": {
            "backend_address_pool_id": "/subscriptions/e602deb0-5931-4735-b543-8659027d624b/resourceGroups/udacity-project-1-rg/providers/Microsoft.Network/loadBalancers/udacity-project-1-lb/backendAddressPools/udacity-project-1-backend_add_pool",
            "id": "/subscriptions/e602deb0-5931-4735-b543-8659027d624b/resourceGroups/udacity-project-1-rg/providers/Microsoft.Network/networkInterfaces/udacity-project-1-nic-2/ipConfigurations/udacity-project-1-ipconfig|/subscriptions/e602deb0-5931-4735-b543-8659027d624b/resourceGroups/udacity-project-1-rg/providers/Microsoft.Network/loadBalancers/udacity-project-1-lb/backendAddressPools/udacity-project-1-backend_add_pool",
            "ip_configuration_name": "udacity-project-1-ipconfig",
            "network_interface_id": "/subscriptions/e602deb0-5931-4735-b543-8659027d624b/resourceGroups/udacity-project-1-rg/providers/Microsoft.Network/networkInterfaces/udacity-project-1-nic-2",
            "timeouts": null
          },
          "sensitive_attributes": [],
          "private": "eyJlMmJmYjczMC1lY2FhLTExZTYtOGY4OC0zNDM2M2JjN2M0YzAiOnsiY3JlYXRlIjoxODAwMDAwMDAwMDAwLCJkZWxldGUiOjE4MDAwMDAwMDAwMDAsInJlYWQiOjMwMDAwMDAwMDAwMCwidXBkYXRlIjoxODAwMDAwMDAwMDAwfX0=",
          "dependencies": [
            "azurerm_lb.main",
            "azurerm_lb_backend_address_pool.main",
            "azurerm_network_interface.main",
            "azurerm_public_ip.main",
            "azurerm_subnet.main",
            "azurerm_virtual_network.main",
            "data.azurerm_resource_group.main"
          ]
        }
      ]
    },
    {
      "mode": "managed",
      "type": "azurerm_network_interface_security_group_association",
      "name": "main",
      "provider": "provider[\"registry.terraform.io/hashicorp/azurerm\"]",
      "instances": [
        {
          "index_key": 0,
          "schema_version": 0,
          "attributes": {
            "id": "/subscriptions/e602deb0-5931-4735-b543-8659027d624b/resourceGroups/udacity-project-1-rg/providers/Microsoft.Network/networkInterfaces/udacity-project-1-nic-0|/subscriptions/e602deb0-5931-4735-b543-8659027d624b/resourceGroups/udacity-project-1-rg/providers/Microsoft.Network/networkSecurityGroups/udacity-project-1-nsg",
            "network_interface_id": "/subscriptions/e602deb0-5931-4735-b543-8659027d624b/resourceGroups/udacity-project-1-rg/providers/Microsoft.Network/networkInterfaces/udacity-project-1-nic-0",
            "network_security_group_id": "/subscriptions/e602deb0-5931-4735-b543-8659027d624b/resourceGroups/udacity-project-1-rg/providers/Microsoft.Network/networkSecurityGroups/udacity-project-1-nsg",
            "timeouts": null
          },
          "sensitive_attributes": [],
          "private": "eyJlMmJmYjczMC1lY2FhLTExZTYtOGY4OC0zNDM2M2JjN2M0YzAiOnsiY3JlYXRlIjoxODAwMDAwMDAwMDAwLCJkZWxldGUiOjE4MDAwMDAwMDAwMDAsInJlYWQiOjMwMDAwMDAwMDAwMCwidXBkYXRlIjoxODAwMDAwMDAwMDAwfX0=",
          "dependencies": [
            "azurerm_network_interface.main",
            "azurerm_network_security_group.main",
            "azurerm_subnet.main",
            "azurerm_virtual_network.main",
            "data.azurerm_resource_group.main"
          ]
        },
        {
          "index_key": 1,
          "schema_version": 0,
          "attributes": {
            "id": "/subscriptions/e602deb0-5931-4735-b543-8659027d624b/resourceGroups/udacity-project-1-rg/providers/Microsoft.Network/networkInterfaces/udacity-project-1-nic-1|/subscriptions/e602deb0-5931-4735-b543-8659027d624b/resourceGroups/udacity-project-1-rg/providers/Microsoft.Network/networkSecurityGroups/udacity-project-1-nsg",
            "network_interface_id": "/subscriptions/e602deb0-5931-4735-b543-8659027d624b/resourceGroups/udacity-project-1-rg/providers/Microsoft.Network/networkInterfaces/udacity-project-1-nic-1",
            "network_security_group_id": "/subscriptions/e602deb0-5931-4735-b543-8659027d624b/resourceGroups/udacity-project-1-rg/providers/Microsoft.Network/networkSecurityGroups/udacity-project-1-nsg",
            "timeouts": null
          },
          "sensitive_attributes": [],
          "private": "eyJlMmJmYjczMC1lY2FhLTExZTYtOGY4OC0zNDM2M2JjN2M0YzAiOnsiY3JlYXRlIjoxODAwMDAwMDAwMDAwLCJkZWxldGUiOjE4MDAwMDAwMDAwMDAsInJlYWQiOjMwMDAwMDAwMDAwMCwidXBkYXRlIjoxODAwMDAwMDAwMDAwfX0=",
          "dependencies": [
            "azurerm_network_interface.main",
            "azurerm_network_security_group.main",
            "azurerm_subnet.main",
            "azurerm_virtual_network.main",
            "data.azurerm_resource_group.main"
          ]
        },
        {
          "index_key": 2,
          "schema_version": 0,
          "attributes": {
            "id": "/subscriptions/e602deb0-5931-4735-b543-8659027d624b/resourceGroups/udacity-project-1-rg/providers/Microsoft.Network/networkInterfaces/udacity-project-1-nic-2|/subscriptions/e602deb0-5931-4735-b543-8659027d624b/resourceGroups/udacity-project-1-rg/providers/Microsoft.Network/networkSecurityGroups/udacity-project-1-nsg",
            "network_interface_id": "/subscriptions/e602deb0-5931-4735-b543-8659027d624b/resourceGroups/udacity-project-1-rg/providers/Microsoft.Network/networkInterfaces/udacity-project-1-nic-2",
            "network_security_group_id": "/subscriptions/e602deb0-5931-4735-b543-8659027d624b/resourceGroups/udacity-project-1-rg/providers/Microsoft.Network/networkSecurityGroups/udacity-project-1-nsg",
            "timeouts": null
          },
          "sensitive_attributes": [],
          "private": "eyJlMmJmYjczMC1lY2FhLTExZTYtOGY4OC0zNDM2M2JjN2M0YzAiOnsiY3JlYXRlIjoxODAwMDAwMDAwMDAwLCJkZWxldGUiOjE4MDAwMDAwMDAwMDAsInJlYWQiOjMwMDAwMDAwMDAwMCwidXBkYXRlIjoxODAwMDAwMDAwMDAwfX0=",
          "dependencies": [
            "azurerm_network_interface.main",
            "azurerm_network_security_group.main",
            "azurerm_subnet.main",
            "azurerm_virtual_network.main",
            "data.azurerm_resource_group.main"
          ]
        }
      ]
    },
    {
      "mode": "managed",
      "type": "azurerm_network_security_group",
      "name": "main",
      "provider": "provider[\"registry.terraform.io/hashicorp/azurerm\"]",
      "instances": [
        {
          "schema_version": 0,
          "attributes": {
            "id": "/subscriptions/e602deb0-5931-4735-b543-8659027d624b/resourceGroups/udacity-project-1-rg/providers/Microsoft.Network/networkSecurityGroups/udacity-project-1-nsg",
            "location": "eastus",
            "name": "udacity-project-1-nsg",
            "resource_group_name": "udacity-project-1-rg",
            "security_rule": [],
            "tags": {
              "environment": "env",
              "owner": "adelriob",
              "project": "project_1"
            },
            "timeouts": null
          },
          "sensitive_attributes": [],
          "private": "eyJlMmJmYjczMC1lY2FhLTExZTYtOGY4OC0zNDM2M2JjN2M0YzAiOnsiY3JlYXRlIjoxODAwMDAwMDAwMDAwLCJkZWxldGUiOjE4MDAwMDAwMDAwMDAsInJlYWQiOjMwMDAwMDAwMDAwMCwidXBkYXRlIjoxODAwMDAwMDAwMDAwfX0=",
          "dependencies": [
            "data.azurerm_resource_group.main"
          ]
        }
      ]
    },
    {
      "mode": "managed",
      "type": "azurerm_network_security_rule",
      "name": "blockinternet",
      "provider": "provider[\"registry.terraform.io/hashicorp/azurerm\"]",
      "instances": [
        {
          "schema_version": 0,
          "attributes": {
            "access": "Deny",
            "description": "",
            "destination_address_prefix": "*",
            "destination_address_prefixes": null,
            "destination_application_security_group_ids": null,
            "destination_port_range": "*",
            "destination_port_ranges": null,
            "direction": "Inbound",
            "id": "/subscriptions/e602deb0-5931-4735-b543-8659027d624b/resourceGroups/udacity-project-1-rg/providers/Microsoft.Network/networkSecurityGroups/udacity-project-1-nsg/securityRules/BlockAllInternet",
            "name": "BlockAllInternet",
            "network_security_group_name": "udacity-project-1-nsg",
            "priority": 120,
            "protocol": "*",
            "resource_group_name": "udacity-project-1-rg",
            "source_address_prefix": "*",
            "source_address_prefixes": null,
            "source_application_security_group_ids": null,
            "source_port_range": "*",
            "source_port_ranges": null,
            "timeouts": null
          },
          "sensitive_attributes": [],
          "private": "eyJlMmJmYjczMC1lY2FhLTExZTYtOGY4OC0zNDM2M2JjN2M0YzAiOnsiY3JlYXRlIjoxODAwMDAwMDAwMDAwLCJkZWxldGUiOjE4MDAwMDAwMDAwMDAsInJlYWQiOjMwMDAwMDAwMDAwMCwidXBkYXRlIjoxODAwMDAwMDAwMDAwfX0=",
          "dependencies": [
            "azurerm_network_security_group.main",
            "data.azurerm_resource_group.main"
          ]
        }
      ]
    },
    {
      "mode": "managed",
      "type": "azurerm_network_security_rule",
      "name": "vnet",
      "provider": "provider[\"registry.terraform.io/hashicorp/azurerm\"]",
      "instances": [
        {
          "schema_version": 0,
          "attributes": {
            "access": "Allow",
            "description": "",
            "destination_address_prefix": "10.4.0.0/16",
            "destination_address_prefixes": null,
            "destination_application_security_group_ids": null,
            "destination_port_range": "*",
            "destination_port_ranges": null,
            "direction": "Inbound",
            "id": "/subscriptions/e602deb0-5931-4735-b543-8659027d624b/resourceGroups/udacity-project-1-rg/providers/Microsoft.Network/networkSecurityGroups/udacity-project-1-nsg/securityRules/AllowTrafficWithinVNET",
            "name": "AllowTrafficWithinVNET",
            "network_security_group_name": "udacity-project-1-nsg",
            "priority": 110,
            "protocol": "TCP",
            "resource_group_name": "udacity-project-1-rg",
            "source_address_prefix": "10.4.0.0/16",
            "source_address_prefixes": null,
            "source_application_security_group_ids": null,
            "source_port_range": "*",
            "source_port_ranges": null,
            "timeouts": null
          },
          "sensitive_attributes": [],
          "private": "eyJlMmJmYjczMC1lY2FhLTExZTYtOGY4OC0zNDM2M2JjN2M0YzAiOnsiY3JlYXRlIjoxODAwMDAwMDAwMDAwLCJkZWxldGUiOjE4MDAwMDAwMDAwMDAsInJlYWQiOjMwMDAwMDAwMDAwMCwidXBkYXRlIjoxODAwMDAwMDAwMDAwfX0=",
          "dependencies": [
            "azurerm_network_security_group.main",
            "data.azurerm_resource_group.main"
          ]
        }
      ]
    },
    {
      "mode": "managed",
      "type": "azurerm_public_ip",
      "name": "main",
      "provider": "provider[\"registry.terraform.io/hashicorp/azurerm\"]",
      "instances": [
        {
          "schema_version": 0,
          "attributes": {
            "allocation_method": "Static",
            "domain_name_label": "udacity-project-1-azure-project1",
            "fqdn": "udacity-project-1-azure-project1.eastus.cloudapp.azure.com",
            "id": "/subscriptions/e602deb0-5931-4735-b543-8659027d624b/resourceGroups/udacity-project-1-rg/providers/Microsoft.Network/publicIPAddresses/udacity-project-1-pip",
            "idle_timeout_in_minutes": 4,
            "ip_address": "52.146.70.45",
            "ip_version": "IPv4",
            "location": "eastus",
            "name": "udacity-project-1-pip",
            "public_ip_prefix_id": null,
            "resource_group_name": "udacity-project-1-rg",
            "reverse_fqdn": "",
            "sku": "Standard",
            "tags": {
              "environment": "env",
              "owner": "adelriob",
              "project": "project_1"
            },
            "timeouts": null,
            "zones": null
          },
          "sensitive_attributes": [],
          "private": "eyJlMmJmYjczMC1lY2FhLTExZTYtOGY4OC0zNDM2M2JjN2M0YzAiOnsiY3JlYXRlIjoxODAwMDAwMDAwMDAwLCJkZWxldGUiOjE4MDAwMDAwMDAwMDAsInJlYWQiOjMwMDAwMDAwMDAwMCwidXBkYXRlIjoxODAwMDAwMDAwMDAwfX0=",
          "dependencies": [
            "data.azurerm_resource_group.main"
          ]
        }
      ]
    },
    {
      "mode": "managed",
      "type": "azurerm_subnet",
      "name": "main",
      "provider": "provider[\"registry.terraform.io/hashicorp/azurerm\"]",
      "instances": [
        {
          "schema_version": 0,
          "attributes": {
            "address_prefix": "10.4.0.0/24",
            "address_prefixes": [
              "10.4.0.0/24"
            ],
            "delegation": [],
            "enforce_private_link_endpoint_network_policies": false,
            "enforce_private_link_service_network_policies": false,
            "id": "/subscriptions/e602deb0-5931-4735-b543-8659027d624b/resourceGroups/udacity-project-1-rg/providers/Microsoft.Network/virtualNetworks/udacity-project-1-vnet/subnets/udacity-project-1-subnet",
            "name": "udacity-project-1-subnet",
            "resource_group_name": "udacity-project-1-rg",
            "service_endpoint_policy_ids": null,
            "service_endpoints": null,
            "timeouts": null,
            "virtual_network_name": "udacity-project-1-vnet"
          },
          "sensitive_attributes": [],
          "private": "eyJlMmJmYjczMC1lY2FhLTExZTYtOGY4OC0zNDM2M2JjN2M0YzAiOnsiY3JlYXRlIjoxODAwMDAwMDAwMDAwLCJkZWxldGUiOjE4MDAwMDAwMDAwMDAsInJlYWQiOjMwMDAwMDAwMDAwMCwidXBkYXRlIjoxODAwMDAwMDAwMDAwfX0=",
          "dependencies": [
            "azurerm_virtual_network.main",
            "data.azurerm_resource_group.main"
          ]
        }
      ]
    },
    {
      "mode": "managed",
      "type": "azurerm_virtual_machine_data_disk_attachment",
      "name": "main",
      "provider": "provider[\"registry.terraform.io/hashicorp/azurerm\"]",
      "instances": [
        {
          "index_key": 0,
          "schema_version": 0,
          "attributes": {
            "caching": "ReadWrite",
            "create_option": "Attach",
            "id": "/subscriptions/e602deb0-5931-4735-b543-8659027d624b/resourceGroups/udacity-project-1-rg/providers/Microsoft.Compute/virtualMachines/udacity-project-1-vm-0/dataDisks/udacity-project-1-data-disk-0",
            "lun": 0,
            "managed_disk_id": "/subscriptions/e602deb0-5931-4735-b543-8659027d624b/resourceGroups/udacity-project-1-rg/providers/Microsoft.Compute/disks/udacity-project-1-data-disk-0",
            "timeouts": null,
            "virtual_machine_id": "/subscriptions/e602deb0-5931-4735-b543-8659027d624b/resourceGroups/udacity-project-1-rg/providers/Microsoft.Compute/virtualMachines/udacity-project-1-vm-0",
            "write_accelerator_enabled": false
          },
          "sensitive_attributes": [],
          "private": "eyJlMmJmYjczMC1lY2FhLTExZTYtOGY4OC0zNDM2M2JjN2M0YzAiOnsiY3JlYXRlIjoxODAwMDAwMDAwMDAwLCJkZWxldGUiOjE4MDAwMDAwMDAwMDAsInJlYWQiOjMwMDAwMDAwMDAwMCwidXBkYXRlIjoxODAwMDAwMDAwMDAwfX0=",
          "dependencies": [
            "azurerm_availability_set.main",
            "azurerm_linux_virtual_machine.main",
            "azurerm_managed_disk.main",
            "azurerm_network_interface.main",
            "azurerm_subnet.main",
            "azurerm_virtual_network.main",
            "data.azurerm_image.packer-image",
            "data.azurerm_resource_group.main"
          ]
        },
        {
          "index_key": 1,
          "schema_version": 0,
          "attributes": {
            "caching": "ReadWrite",
            "create_option": "Attach",
            "id": "/subscriptions/e602deb0-5931-4735-b543-8659027d624b/resourceGroups/udacity-project-1-rg/providers/Microsoft.Compute/virtualMachines/udacity-project-1-vm-1/dataDisks/udacity-project-1-data-disk-1",
            "lun": 0,
            "managed_disk_id": "/subscriptions/e602deb0-5931-4735-b543-8659027d624b/resourceGroups/udacity-project-1-rg/providers/Microsoft.Compute/disks/udacity-project-1-data-disk-1",
            "timeouts": null,
            "virtual_machine_id": "/subscriptions/e602deb0-5931-4735-b543-8659027d624b/resourceGroups/udacity-project-1-rg/providers/Microsoft.Compute/virtualMachines/udacity-project-1-vm-1",
            "write_accelerator_enabled": false
          },
          "sensitive_attributes": [],
          "private": "eyJlMmJmYjczMC1lY2FhLTExZTYtOGY4OC0zNDM2M2JjN2M0YzAiOnsiY3JlYXRlIjoxODAwMDAwMDAwMDAwLCJkZWxldGUiOjE4MDAwMDAwMDAwMDAsInJlYWQiOjMwMDAwMDAwMDAwMCwidXBkYXRlIjoxODAwMDAwMDAwMDAwfX0=",
          "dependencies": [
            "azurerm_availability_set.main",
            "azurerm_linux_virtual_machine.main",
            "azurerm_managed_disk.main",
            "azurerm_network_interface.main",
            "azurerm_subnet.main",
            "azurerm_virtual_network.main",
            "data.azurerm_image.packer-image",
            "data.azurerm_resource_group.main"
          ]
        },
        {
          "index_key": 2,
          "schema_version": 0,
          "attributes": {
            "caching": "ReadWrite",
            "create_option": "Attach",
            "id": "/subscriptions/e602deb0-5931-4735-b543-8659027d624b/resourceGroups/udacity-project-1-rg/providers/Microsoft.Compute/virtualMachines/udacity-project-1-vm-2/dataDisks/udacity-project-1-data-disk-2",
            "lun": 0,
            "managed_disk_id": "/subscriptions/e602deb0-5931-4735-b543-8659027d624b/resourceGroups/udacity-project-1-rg/providers/Microsoft.Compute/disks/udacity-project-1-data-disk-2",
            "timeouts": null,
            "virtual_machine_id": "/subscriptions/e602deb0-5931-4735-b543-8659027d624b/resourceGroups/udacity-project-1-rg/providers/Microsoft.Compute/virtualMachines/udacity-project-1-vm-2",
            "write_accelerator_enabled": false
          },
          "sensitive_attributes": [],
          "private": "eyJlMmJmYjczMC1lY2FhLTExZTYtOGY4OC0zNDM2M2JjN2M0YzAiOnsiY3JlYXRlIjoxODAwMDAwMDAwMDAwLCJkZWxldGUiOjE4MDAwMDAwMDAwMDAsInJlYWQiOjMwMDAwMDAwMDAwMCwidXBkYXRlIjoxODAwMDAwMDAwMDAwfX0=",
          "dependencies": [
            "azurerm_availability_set.main",
            "azurerm_linux_virtual_machine.main",
            "azurerm_managed_disk.main",
            "azurerm_network_interface.main",
            "azurerm_subnet.main",
            "azurerm_virtual_network.main",
            "data.azurerm_image.packer-image",
            "data.azurerm_resource_group.main"
          ]
        }
      ]
    },
    {
      "mode": "managed",
      "type": "azurerm_virtual_network",
      "name": "main",
      "provider": "provider[\"registry.terraform.io/hashicorp/azurerm\"]",
      "instances": [
        {
          "schema_version": 0,
          "attributes": {
            "address_space": [
              "10.4.0.0/16"
            ],
            "bgp_community": "",
            "ddos_protection_plan": [],
            "dns_servers": null,
            "guid": "203a0b87-3532-481d-bcd7-e33b665592b6",
            "id": "/subscriptions/e602deb0-5931-4735-b543-8659027d624b/resourceGroups/udacity-project-1-rg/providers/Microsoft.Network/virtualNetworks/udacity-project-1-vnet",
            "location": "eastus",
            "name": "udacity-project-1-vnet",
            "resource_group_name": "udacity-project-1-rg",
            "subnet": [],
            "tags": {
              "environment": "env",
              "owner": "adelriob",
              "project": "project_1"
            },
            "timeouts": null,
            "vm_protection_enabled": false
          },
          "sensitive_attributes": [],
          "private": "eyJlMmJmYjczMC1lY2FhLTExZTYtOGY4OC0zNDM2M2JjN2M0YzAiOnsiY3JlYXRlIjoxODAwMDAwMDAwMDAwLCJkZWxldGUiOjE4MDAwMDAwMDAwMDAsInJlYWQiOjMwMDAwMDAwMDAwMCwidXBkYXRlIjoxODAwMDAwMDAwMDAwfX0=",
          "dependencies": [
            "data.azurerm_resource_group.main"
          ]
        }
      ]
    }
  ]
}
